// !$*UTF8*$!
{
	archiveVersion = 1;
	classes = {
	};
	objectVersion = 51;
	objects = {

/* Begin PBXBuildFile section */
		042CC128F218B3A192397918 /* Pods_InstaKids.framework in Frameworks */ = {isa = PBXBuildFile; fileRef = 69EAA59A470417B1EB8DE3E5 /* Pods_InstaKids.framework */; };
		A650B84A242134D800F55712 /* PersistanceManager.swift in Sources */ = {isa = PBXBuildFile; fileRef = A650B849242134D800F55712 /* PersistanceManager.swift */; };
		A650B84C2421378F00F55712 /* UIImageExtension.swift in Sources */ = {isa = PBXBuildFile; fileRef = A650B84B2421378F00F55712 /* UIImageExtension.swift */; };
		A68FD0E52421A6DB00C1DD35 /* UIColorExtension.swift in Sources */ = {isa = PBXBuildFile; fileRef = A68FD0E42421A6DB00C1DD35 /* UIColorExtension.swift */; };
		B8365FE7242296830017F5A7 /* GoogleService-Info.plist in Resources */ = {isa = PBXBuildFile; fileRef = B8365FE6242296830017F5A7 /* GoogleService-Info.plist */; };
		B8365FEA2422A7930017F5A7 /* LoginViewController.swift in Sources */ = {isa = PBXBuildFile; fileRef = B8365FE92422A7930017F5A7 /* LoginViewController.swift */; };
		B8365FEC2422A8F00017F5A7 /* UserService.swift in Sources */ = {isa = PBXBuildFile; fileRef = B8365FEB2422A8F00017F5A7 /* UserService.swift */; };
		B8365FEE2422A9340017F5A7 /* SketchUser.swift in Sources */ = {isa = PBXBuildFile; fileRef = B8365FED2422A9340017F5A7 /* SketchUser.swift */; };
		B8365FF12422A9C70017F5A7 /* Constants.swift in Sources */ = {isa = PBXBuildFile; fileRef = B8365FF02422A9C70017F5A7 /* Constants.swift */; };
		B8365FF32422ABDE0017F5A7 /* LocalStorageService.swift in Sources */ = {isa = PBXBuildFile; fileRef = B8365FF22422ABDE0017F5A7 /* LocalStorageService.swift */; };
		B850C3E82422D6D4002D87E0 /* CreateProfileViewController.swift in Sources */ = {isa = PBXBuildFile; fileRef = B850C3E72422D6D4002D87E0 /* CreateProfileViewController.swift */; };
		B850C3EA24230420002D87E0 /* SketchService.swift in Sources */ = {isa = PBXBuildFile; fileRef = B850C3E924230420002D87E0 /* SketchService.swift */; };
		B85C65792421BCA500EACDD7 /* SketchCell.swift in Sources */ = {isa = PBXBuildFile; fileRef = B85C65782421BCA500EACDD7 /* SketchCell.swift */; };
		B8AE003124317CE8005F2F4C /* UINavigationControllerExtension.swift in Sources */ = {isa = PBXBuildFile; fileRef = B8AE003024317CE8005F2F4C /* UINavigationControllerExtension.swift */; };
		B8AE008824328228005F2F4C /* FirebaseAuthUI.strings in Resources */ = {isa = PBXBuildFile; fileRef = B8AE003324328227005F2F4C /* FirebaseAuthUI.strings */; };
		B8AE008A2432ACAA005F2F4C /* AuthenticationViewModel.swift in Sources */ = {isa = PBXBuildFile; fileRef = B8AE00892432ACAA005F2F4C /* AuthenticationViewModel.swift */; };
		B8AE008C2432B269005F2F4C /* AuthenticationController.swift in Sources */ = {isa = PBXBuildFile; fileRef = B8AE008B2432B269005F2F4C /* AuthenticationController.swift */; };
		B8AE008E2432CFB2005F2F4C /* IKAlertVC.swift in Sources */ = {isa = PBXBuildFile; fileRef = B8AE008D2432CFB2005F2F4C /* IKAlertVC.swift */; };
		B8AE00902432D05B005F2F4C /* IKBodyLabel.swift in Sources */ = {isa = PBXBuildFile; fileRef = B8AE008F2432D05B005F2F4C /* IKBodyLabel.swift */; };
		B8AE00922432D0C7005F2F4C /* IKButton.swift in Sources */ = {isa = PBXBuildFile; fileRef = B8AE00912432D0C7005F2F4C /* IKButton.swift */; };
		B8AE00942432F44D005F2F4C /* UIViewControllerExtension.swift in Sources */ = {isa = PBXBuildFile; fileRef = B8AE00932432F44D005F2F4C /* UIViewControllerExtension.swift */; };
		B8AE009624344E11005F2F4C /* DrawingViewModel.swift in Sources */ = {isa = PBXBuildFile; fileRef = B8AE009524344E11005F2F4C /* DrawingViewModel.swift */; };
		B8BF80E1241FEF370003A9E6 /* Sketch.swift in Sources */ = {isa = PBXBuildFile; fileRef = B8BF80E0241FEF370003A9E6 /* Sketch.swift */; };
		B8C179E3242C1E30004F0875 /* CardViewModel.swift in Sources */ = {isa = PBXBuildFile; fileRef = B8C179E2242C1E30004F0875 /* CardViewModel.swift */; };
		B8C179E5242C1E70004F0875 /* CardView.swift in Sources */ = {isa = PBXBuildFile; fileRef = B8C179E4242C1E70004F0875 /* CardView.swift */; };
		B8C179E7242C21B4004F0875 /* UsersController.swift in Sources */ = {isa = PBXBuildFile; fileRef = B8C179E6242C21B4004F0875 /* UsersController.swift */; };
		B8C86B10241FF3F0002E3985 /* FeedViewController.swift in Sources */ = {isa = PBXBuildFile; fileRef = B8C86B0F241FF3F0002E3985 /* FeedViewController.swift */; };
		B8DEA7512427E495008FC0D2 /* UserCell.swift in Sources */ = {isa = PBXBuildFile; fileRef = B8DEA7502427E495008FC0D2 /* UserCell.swift */; };
		B8DEA7532427E546008FC0D2 /* IKImageView.swift in Sources */ = {isa = PBXBuildFile; fileRef = B8DEA7522427E546008FC0D2 /* IKImageView.swift */; };
		B8DEA7552427E5E5008FC0D2 /* IKTitleLabel.swift in Sources */ = {isa = PBXBuildFile; fileRef = B8DEA7542427E5E5008FC0D2 /* IKTitleLabel.swift */; };
		B8DEA7572427FFDA008FC0D2 /* IKTextField.swift in Sources */ = {isa = PBXBuildFile; fileRef = B8DEA7562427FFDA008FC0D2 /* IKTextField.swift */; };
		B8DEA759242801BC008FC0D2 /* RegistrationViewModel.swift in Sources */ = {isa = PBXBuildFile; fileRef = B8DEA758242801BC008FC0D2 /* RegistrationViewModel.swift */; };
		B8DEA75B242801EA008FC0D2 /* Bindable.swift in Sources */ = {isa = PBXBuildFile; fileRef = B8DEA75A242801EA008FC0D2 /* Bindable.swift */; };
		B8DEA75F2429A8B3008FC0D2 /* DrawingVC.swift in Sources */ = {isa = PBXBuildFile; fileRef = B8DEA75E2429A8B2008FC0D2 /* DrawingVC.swift */; };
		B8DEA763242A7E2B008FC0D2 /* IKTabBarController.swift in Sources */ = {isa = PBXBuildFile; fileRef = B8DEA762242A7E2B008FC0D2 /* IKTabBarController.swift */; };
		B8EC99AD241ED1B100C28356 /* AppDelegate.swift in Sources */ = {isa = PBXBuildFile; fileRef = B8EC99AC241ED1B100C28356 /* AppDelegate.swift */; };
		B8EC99AF241ED1B100C28356 /* SceneDelegate.swift in Sources */ = {isa = PBXBuildFile; fileRef = B8EC99AE241ED1B100C28356 /* SceneDelegate.swift */; };
		B8EC99B4241ED1B100C28356 /* Main.storyboard in Resources */ = {isa = PBXBuildFile; fileRef = B8EC99B2241ED1B100C28356 /* Main.storyboard */; };
		B8EC99B6241ED1B700C28356 /* Assets.xcassets in Resources */ = {isa = PBXBuildFile; fileRef = B8EC99B5241ED1B700C28356 /* Assets.xcassets */; };
		B8EC99B9241ED1B700C28356 /* LaunchScreen.storyboard in Resources */ = {isa = PBXBuildFile; fileRef = B8EC99B7241ED1B700C28356 /* LaunchScreen.storyboard */; };
		B8FC17872427D5FB005B1E1E /* UsersListViewController.swift in Sources */ = {isa = PBXBuildFile; fileRef = B8FC17862427D5FB005B1E1E /* UsersListViewController.swift */; };
		B8FC17892427E041005B1E1E /* UIHelper.swift in Sources */ = {isa = PBXBuildFile; fileRef = B8FC17882427E041005B1E1E /* UIHelper.swift */; };
/* End PBXBuildFile section */

/* Begin PBXFileReference section */
		1E7E26931ECBDCF7FB01F4BC /* Pods-InstaKids.release.xcconfig */ = {isa = PBXFileReference; includeInIndex = 1; lastKnownFileType = text.xcconfig; name = "Pods-InstaKids.release.xcconfig"; path = "Target Support Files/Pods-InstaKids/Pods-InstaKids.release.xcconfig"; sourceTree = "<group>"; };
		69EAA59A470417B1EB8DE3E5 /* Pods_InstaKids.framework */ = {isa = PBXFileReference; explicitFileType = wrapper.framework; includeInIndex = 0; path = Pods_InstaKids.framework; sourceTree = BUILT_PRODUCTS_DIR; };
		A650B849242134D800F55712 /* PersistanceManager.swift */ = {isa = PBXFileReference; lastKnownFileType = sourcecode.swift; path = PersistanceManager.swift; sourceTree = "<group>"; };
		A650B84B2421378F00F55712 /* UIImageExtension.swift */ = {isa = PBXFileReference; lastKnownFileType = sourcecode.swift; path = UIImageExtension.swift; sourceTree = "<group>"; };
		A68FD0E42421A6DB00C1DD35 /* UIColorExtension.swift */ = {isa = PBXFileReference; lastKnownFileType = sourcecode.swift; path = UIColorExtension.swift; sourceTree = "<group>"; };
		B8365FE6242296830017F5A7 /* GoogleService-Info.plist */ = {isa = PBXFileReference; fileEncoding = 4; lastKnownFileType = text.plist.xml; path = "GoogleService-Info.plist"; sourceTree = "<group>"; };
		B8365FE92422A7930017F5A7 /* LoginViewController.swift */ = {isa = PBXFileReference; lastKnownFileType = sourcecode.swift; path = LoginViewController.swift; sourceTree = "<group>"; };
		B8365FEB2422A8F00017F5A7 /* UserService.swift */ = {isa = PBXFileReference; lastKnownFileType = sourcecode.swift; path = UserService.swift; sourceTree = "<group>"; };
		B8365FED2422A9340017F5A7 /* SketchUser.swift */ = {isa = PBXFileReference; lastKnownFileType = sourcecode.swift; path = SketchUser.swift; sourceTree = "<group>"; };
		B8365FF02422A9C70017F5A7 /* Constants.swift */ = {isa = PBXFileReference; lastKnownFileType = sourcecode.swift; path = Constants.swift; sourceTree = "<group>"; };
		B8365FF22422ABDE0017F5A7 /* LocalStorageService.swift */ = {isa = PBXFileReference; lastKnownFileType = sourcecode.swift; path = LocalStorageService.swift; sourceTree = "<group>"; };
		B850C3E72422D6D4002D87E0 /* CreateProfileViewController.swift */ = {isa = PBXFileReference; lastKnownFileType = sourcecode.swift; path = CreateProfileViewController.swift; sourceTree = "<group>"; };
		B850C3E924230420002D87E0 /* SketchService.swift */ = {isa = PBXFileReference; lastKnownFileType = sourcecode.swift; path = SketchService.swift; sourceTree = "<group>"; };
		B85C65782421BCA500EACDD7 /* SketchCell.swift */ = {isa = PBXFileReference; lastKnownFileType = sourcecode.swift; path = SketchCell.swift; sourceTree = "<group>"; };
		B8AE003024317CE8005F2F4C /* UINavigationControllerExtension.swift */ = {isa = PBXFileReference; lastKnownFileType = sourcecode.swift; path = UINavigationControllerExtension.swift; sourceTree = "<group>"; };
		B8AE003424328227005F2F4C /* de */ = {isa = PBXFileReference; lastKnownFileType = text.plist.strings; name = de; path = de.lproj/FirebaseAuthUI.strings; sourceTree = "<group>"; };
		B8AE003524328227005F2F4C /* ur */ = {isa = PBXFileReference; lastKnownFileType = text.plist.strings; name = ur; path = ur.lproj/FirebaseAuthUI.strings; sourceTree = "<group>"; };
		B8AE003624328227005F2F4C /* he */ = {isa = PBXFileReference; lastKnownFileType = text.plist.strings; name = he; path = he.lproj/FirebaseAuthUI.strings; sourceTree = "<group>"; };
		B8AE003724328227005F2F4C /* es-SV */ = {isa = PBXFileReference; lastKnownFileType = text.plist.strings; name = "es-SV"; path = "es-SV.lproj/FirebaseAuthUI.strings"; sourceTree = "<group>"; };
		B8AE003824328227005F2F4C /* zh-Hant-TW */ = {isa = PBXFileReference; lastKnownFileType = text.plist.strings; name = "zh-Hant-TW"; path = "zh-Hant-TW.lproj/FirebaseAuthUI.strings"; sourceTree = "<group>"; };
		B8AE003924328227005F2F4C /* ar */ = {isa = PBXFileReference; lastKnownFileType = text.plist.strings; name = ar; path = ar.lproj/FirebaseAuthUI.strings; sourceTree = "<group>"; };
		B8AE003A24328227005F2F4C /* el */ = {isa = PBXFileReference; lastKnownFileType = text.plist.strings; name = el; path = el.lproj/FirebaseAuthUI.strings; sourceTree = "<group>"; };
		B8AE003B24328227005F2F4C /* zh-Hans */ = {isa = PBXFileReference; lastKnownFileType = text.plist.strings; name = "zh-Hans"; path = "zh-Hans.lproj/FirebaseAuthUI.strings"; sourceTree = "<group>"; };
		B8AE003C24328227005F2F4C /* ja */ = {isa = PBXFileReference; lastKnownFileType = text.plist.strings; name = ja; path = ja.lproj/FirebaseAuthUI.strings; sourceTree = "<group>"; };
		B8AE003D24328227005F2F4C /* fa */ = {isa = PBXFileReference; lastKnownFileType = text.plist.strings; name = fa; path = fa.lproj/FirebaseAuthUI.strings; sourceTree = "<group>"; };
		B8AE003E24328227005F2F4C /* mr */ = {isa = PBXFileReference; lastKnownFileType = text.plist.strings; name = mr; path = mr.lproj/FirebaseAuthUI.strings; sourceTree = "<group>"; };
		B8AE003F24328227005F2F4C /* es-GT */ = {isa = PBXFileReference; lastKnownFileType = text.plist.strings; name = "es-GT"; path = "es-GT.lproj/FirebaseAuthUI.strings"; sourceTree = "<group>"; };
		B8AE004024328227005F2F4C /* en */ = {isa = PBXFileReference; lastKnownFileType = text.plist.strings; name = en; path = en.lproj/FirebaseAuthUI.strings; sourceTree = "<group>"; };
		B8AE004124328227005F2F4C /* en-CA */ = {isa = PBXFileReference; lastKnownFileType = text.plist.strings; name = "en-CA"; path = "en-CA.lproj/FirebaseAuthUI.strings"; sourceTree = "<group>"; };
		B8AE004224328227005F2F4C /* uk */ = {isa = PBXFileReference; lastKnownFileType = text.plist.strings; name = uk; path = uk.lproj/FirebaseAuthUI.strings; sourceTree = "<group>"; };
		B8AE004324328227005F2F4C /* es-PY */ = {isa = PBXFileReference; lastKnownFileType = text.plist.strings; name = "es-PY"; path = "es-PY.lproj/FirebaseAuthUI.strings"; sourceTree = "<group>"; };
		B8AE004424328227005F2F4C /* gu */ = {isa = PBXFileReference; lastKnownFileType = text.plist.strings; name = gu; path = gu.lproj/FirebaseAuthUI.strings; sourceTree = "<group>"; };
		B8AE004524328227005F2F4C /* kn */ = {isa = PBXFileReference; lastKnownFileType = text.plist.strings; name = kn; path = kn.lproj/FirebaseAuthUI.strings; sourceTree = "<group>"; };
		B8AE004624328227005F2F4C /* nb */ = {isa = PBXFileReference; lastKnownFileType = text.plist.strings; name = nb; path = nb.lproj/FirebaseAuthUI.strings; sourceTree = "<group>"; };
		B8AE004724328227005F2F4C /* es-US */ = {isa = PBXFileReference; lastKnownFileType = text.plist.strings; name = "es-US"; path = "es-US.lproj/FirebaseAuthUI.strings"; sourceTree = "<group>"; };
		B8AE004824328227005F2F4C /* en-GB */ = {isa = PBXFileReference; lastKnownFileType = text.plist.strings; name = "en-GB"; path = "en-GB.lproj/FirebaseAuthUI.strings"; sourceTree = "<group>"; };
		B8AE004924328227005F2F4C /* es */ = {isa = PBXFileReference; lastKnownFileType = text.plist.strings; name = es; path = es.lproj/FirebaseAuthUI.strings; sourceTree = "<group>"; };
		B8AE004A24328227005F2F4C /* es-VE */ = {isa = PBXFileReference; lastKnownFileType = text.plist.strings; name = "es-VE"; path = "es-VE.lproj/FirebaseAuthUI.strings"; sourceTree = "<group>"; };
		B8AE004B24328227005F2F4C /* es-CL */ = {isa = PBXFileReference; lastKnownFileType = text.plist.strings; name = "es-CL"; path = "es-CL.lproj/FirebaseAuthUI.strings"; sourceTree = "<group>"; };
		B8AE004C24328227005F2F4C /* sl */ = {isa = PBXFileReference; lastKnownFileType = text.plist.strings; name = sl; path = sl.lproj/FirebaseAuthUI.strings; sourceTree = "<group>"; };
		B8AE004D24328227005F2F4C /* da */ = {isa = PBXFileReference; lastKnownFileType = text.plist.strings; name = da; path = da.lproj/FirebaseAuthUI.strings; sourceTree = "<group>"; };
		B8AE004E24328227005F2F4C /* es-419 */ = {isa = PBXFileReference; lastKnownFileType = text.plist.strings; name = "es-419"; path = "es-419.lproj/FirebaseAuthUI.strings"; sourceTree = "<group>"; };
		B8AE004F24328227005F2F4C /* it */ = {isa = PBXFileReference; lastKnownFileType = text.plist.strings; name = it; path = it.lproj/FirebaseAuthUI.strings; sourceTree = "<group>"; };
		B8AE005024328227005F2F4C /* bg */ = {isa = PBXFileReference; lastKnownFileType = text.plist.strings; name = bg; path = bg.lproj/FirebaseAuthUI.strings; sourceTree = "<group>"; };
		B8AE005124328227005F2F4C /* sk */ = {isa = PBXFileReference; lastKnownFileType = text.plist.strings; name = sk; path = sk.lproj/FirebaseAuthUI.strings; sourceTree = "<group>"; };
		B8AE005224328227005F2F4C /* sr-Latn */ = {isa = PBXFileReference; lastKnownFileType = text.plist.strings; name = "sr-Latn"; path = "sr-Latn.lproj/FirebaseAuthUI.strings"; sourceTree = "<group>"; };
		B8AE005324328227005F2F4C /* nn-NO */ = {isa = PBXFileReference; lastKnownFileType = text.plist.strings; name = "nn-NO"; path = "nn-NO.lproj/FirebaseAuthUI.strings"; sourceTree = "<group>"; };
		B8AE005424328227005F2F4C /* es-PA */ = {isa = PBXFileReference; lastKnownFileType = text.plist.strings; name = "es-PA"; path = "es-PA.lproj/FirebaseAuthUI.strings"; sourceTree = "<group>"; };
		B8AE005524328227005F2F4C /* en-SG */ = {isa = PBXFileReference; lastKnownFileType = text.plist.strings; name = "en-SG"; path = "en-SG.lproj/FirebaseAuthUI.strings"; sourceTree = "<group>"; };
		B8AE005624328227005F2F4C /* sr */ = {isa = PBXFileReference; lastKnownFileType = text.plist.strings; name = sr; path = sr.lproj/FirebaseAuthUI.strings; sourceTree = "<group>"; };
		B8AE005724328227005F2F4C /* ms */ = {isa = PBXFileReference; lastKnownFileType = text.plist.strings; name = ms; path = ms.lproj/FirebaseAuthUI.strings; sourceTree = "<group>"; };
		B8AE005824328227005F2F4C /* es-CR */ = {isa = PBXFileReference; lastKnownFileType = text.plist.strings; name = "es-CR"; path = "es-CR.lproj/FirebaseAuthUI.strings"; sourceTree = "<group>"; };
		B8AE005924328227005F2F4C /* ta */ = {isa = PBXFileReference; lastKnownFileType = text.plist.strings; name = ta; path = ta.lproj/FirebaseAuthUI.strings; sourceTree = "<group>"; };
		B8AE005A24328227005F2F4C /* sv */ = {isa = PBXFileReference; lastKnownFileType = text.plist.strings; name = sv; path = sv.lproj/FirebaseAuthUI.strings; sourceTree = "<group>"; };
		B8AE005B24328227005F2F4C /* cs */ = {isa = PBXFileReference; lastKnownFileType = text.plist.strings; name = cs; path = cs.lproj/FirebaseAuthUI.strings; sourceTree = "<group>"; };
		B8AE005C24328227005F2F4C /* es-AR */ = {isa = PBXFileReference; lastKnownFileType = text.plist.strings; name = "es-AR"; path = "es-AR.lproj/FirebaseAuthUI.strings"; sourceTree = "<group>"; };
		B8AE005D24328227005F2F4C /* es-PE */ = {isa = PBXFileReference; lastKnownFileType = text.plist.strings; name = "es-PE"; path = "es-PE.lproj/FirebaseAuthUI.strings"; sourceTree = "<group>"; };
		B8AE005E24328227005F2F4C /* ko */ = {isa = PBXFileReference; lastKnownFileType = text.plist.strings; name = ko; path = ko.lproj/FirebaseAuthUI.strings; sourceTree = "<group>"; };
		B8AE005F24328227005F2F4C /* en-IE */ = {isa = PBXFileReference; lastKnownFileType = text.plist.strings; name = "en-IE"; path = "en-IE.lproj/FirebaseAuthUI.strings"; sourceTree = "<group>"; };
		B8AE006024328227005F2F4C /* fil */ = {isa = PBXFileReference; lastKnownFileType = text.plist.strings; name = fil; path = fil.lproj/FirebaseAuthUI.strings; sourceTree = "<group>"; };
		B8AE006124328227005F2F4C /* zh-Hant */ = {isa = PBXFileReference; lastKnownFileType = text.plist.strings; name = "zh-Hant"; path = "zh-Hant.lproj/FirebaseAuthUI.strings"; sourceTree = "<group>"; };
		B8AE006224328227005F2F4C /* es-CO */ = {isa = PBXFileReference; lastKnownFileType = text.plist.strings; name = "es-CO"; path = "es-CO.lproj/FirebaseAuthUI.strings"; sourceTree = "<group>"; };
		B8AE006324328227005F2F4C /* gsw */ = {isa = PBXFileReference; lastKnownFileType = text.plist.strings; name = gsw; path = gsw.lproj/FirebaseAuthUI.strings; sourceTree = "<group>"; };
		B8AE006424328227005F2F4C /* en-ZA */ = {isa = PBXFileReference; lastKnownFileType = text.plist.strings; name = "en-ZA"; path = "en-ZA.lproj/FirebaseAuthUI.strings"; sourceTree = "<group>"; };
		B8AE006524328227005F2F4C /* hu */ = {isa = PBXFileReference; lastKnownFileType = text.plist.strings; name = hu; path = hu.lproj/FirebaseAuthUI.strings; sourceTree = "<group>"; };
		B8AE006624328227005F2F4C /* es-PR */ = {isa = PBXFileReference; lastKnownFileType = text.plist.strings; name = "es-PR"; path = "es-PR.lproj/FirebaseAuthUI.strings"; sourceTree = "<group>"; };
		B8AE006724328227005F2F4C /* de-AT */ = {isa = PBXFileReference; lastKnownFileType = text.plist.strings; name = "de-AT"; path = "de-AT.lproj/FirebaseAuthUI.strings"; sourceTree = "<group>"; };
		B8AE006824328227005F2F4C /* en-AU */ = {isa = PBXFileReference; lastKnownFileType = text.plist.strings; name = "en-AU"; path = "en-AU.lproj/FirebaseAuthUI.strings"; sourceTree = "<group>"; };
		B8AE006924328227005F2F4C /* tr */ = {isa = PBXFileReference; lastKnownFileType = text.plist.strings; name = tr; path = tr.lproj/FirebaseAuthUI.strings; sourceTree = "<group>"; };
		B8AE006A24328227005F2F4C /* pl */ = {isa = PBXFileReference; lastKnownFileType = text.plist.strings; name = pl; path = pl.lproj/FirebaseAuthUI.strings; sourceTree = "<group>"; };
		B8AE006B24328227005F2F4C /* pt-BR */ = {isa = PBXFileReference; lastKnownFileType = text.plist.strings; name = "pt-BR"; path = "pt-BR.lproj/FirebaseAuthUI.strings"; sourceTree = "<group>"; };
		B8AE006C24328227005F2F4C /* vi */ = {isa = PBXFileReference; lastKnownFileType = text.plist.strings; name = vi; path = vi.lproj/FirebaseAuthUI.strings; sourceTree = "<group>"; };
		B8AE006D24328227005F2F4C /* lv */ = {isa = PBXFileReference; lastKnownFileType = text.plist.strings; name = lv; path = lv.lproj/FirebaseAuthUI.strings; sourceTree = "<group>"; };
		B8AE006E24328227005F2F4C /* es-MX */ = {isa = PBXFileReference; lastKnownFileType = text.plist.strings; name = "es-MX"; path = "es-MX.lproj/FirebaseAuthUI.strings"; sourceTree = "<group>"; };
		B8AE006F24328227005F2F4C /* lt */ = {isa = PBXFileReference; lastKnownFileType = text.plist.strings; name = lt; path = lt.lproj/FirebaseAuthUI.strings; sourceTree = "<group>"; };
		B8AE007024328227005F2F4C /* ru */ = {isa = PBXFileReference; lastKnownFileType = text.plist.strings; name = ru; path = ru.lproj/FirebaseAuthUI.strings; sourceTree = "<group>"; };
		B8AE007124328227005F2F4C /* es-DO */ = {isa = PBXFileReference; lastKnownFileType = text.plist.strings; name = "es-DO"; path = "es-DO.lproj/FirebaseAuthUI.strings"; sourceTree = "<group>"; };
		B8AE007224328227005F2F4C /* fr-CH */ = {isa = PBXFileReference; lastKnownFileType = text.plist.strings; name = "fr-CH"; path = "fr-CH.lproj/FirebaseAuthUI.strings"; sourceTree = "<group>"; };
		B8AE007324328227005F2F4C /* es-NI */ = {isa = PBXFileReference; lastKnownFileType = text.plist.strings; name = "es-NI"; path = "es-NI.lproj/FirebaseAuthUI.strings"; sourceTree = "<group>"; };
		B8AE007424328227005F2F4C /* fr */ = {isa = PBXFileReference; lastKnownFileType = text.plist.strings; name = fr; path = fr.lproj/FirebaseAuthUI.strings; sourceTree = "<group>"; };
		B8AE007524328227005F2F4C /* fi */ = {isa = PBXFileReference; lastKnownFileType = text.plist.strings; name = fi; path = fi.lproj/FirebaseAuthUI.strings; sourceTree = "<group>"; };
		B8AE007624328227005F2F4C /* id */ = {isa = PBXFileReference; lastKnownFileType = text.plist.strings; name = id; path = id.lproj/FirebaseAuthUI.strings; sourceTree = "<group>"; };
		B8AE007724328227005F2F4C /* nl */ = {isa = PBXFileReference; lastKnownFileType = text.plist.strings; name = nl; path = nl.lproj/FirebaseAuthUI.strings; sourceTree = "<group>"; };
		B8AE007824328227005F2F4C /* th */ = {isa = PBXFileReference; lastKnownFileType = text.plist.strings; name = th; path = th.lproj/FirebaseAuthUI.strings; sourceTree = "<group>"; };
		B8AE007924328227005F2F4C /* pt */ = {isa = PBXFileReference; lastKnownFileType = text.plist.strings; name = pt; path = pt.lproj/FirebaseAuthUI.strings; sourceTree = "<group>"; };
		B8AE007A24328227005F2F4C /* de-CH */ = {isa = PBXFileReference; lastKnownFileType = text.plist.strings; name = "de-CH"; path = "de-CH.lproj/FirebaseAuthUI.strings"; sourceTree = "<group>"; };
		B8AE007B24328227005F2F4C /* bn */ = {isa = PBXFileReference; lastKnownFileType = text.plist.strings; name = bn; path = bn.lproj/FirebaseAuthUI.strings; sourceTree = "<group>"; };
		B8AE007C24328227005F2F4C /* es-EC */ = {isa = PBXFileReference; lastKnownFileType = text.plist.strings; name = "es-EC"; path = "es-EC.lproj/FirebaseAuthUI.strings"; sourceTree = "<group>"; };
		B8AE007D24328227005F2F4C /* pt-PT */ = {isa = PBXFileReference; lastKnownFileType = text.plist.strings; name = "pt-PT"; path = "pt-PT.lproj/FirebaseAuthUI.strings"; sourceTree = "<group>"; };
		B8AE007E24328227005F2F4C /* es-BO */ = {isa = PBXFileReference; lastKnownFileType = text.plist.strings; name = "es-BO"; path = "es-BO.lproj/FirebaseAuthUI.strings"; sourceTree = "<group>"; };
		B8AE007F24328227005F2F4C /* ro */ = {isa = PBXFileReference; lastKnownFileType = text.plist.strings; name = ro; path = ro.lproj/FirebaseAuthUI.strings; sourceTree = "<group>"; };
		B8AE008024328227005F2F4C /* ln */ = {isa = PBXFileReference; lastKnownFileType = text.plist.strings; name = ln; path = ln.lproj/FirebaseAuthUI.strings; sourceTree = "<group>"; };
		B8AE008124328227005F2F4C /* es-UY */ = {isa = PBXFileReference; lastKnownFileType = text.plist.strings; name = "es-UY"; path = "es-UY.lproj/FirebaseAuthUI.strings"; sourceTree = "<group>"; };
		B8AE008224328227005F2F4C /* es-HN */ = {isa = PBXFileReference; lastKnownFileType = text.plist.strings; name = "es-HN"; path = "es-HN.lproj/FirebaseAuthUI.strings"; sourceTree = "<group>"; };
		B8AE008324328227005F2F4C /* hr */ = {isa = PBXFileReference; lastKnownFileType = text.plist.strings; name = hr; path = hr.lproj/FirebaseAuthUI.strings; sourceTree = "<group>"; };
		B8AE008424328227005F2F4C /* hi */ = {isa = PBXFileReference; lastKnownFileType = text.plist.strings; name = hi; path = hi.lproj/FirebaseAuthUI.strings; sourceTree = "<group>"; };
		B8AE008524328227005F2F4C /* ca */ = {isa = PBXFileReference; lastKnownFileType = text.plist.strings; name = ca; path = ca.lproj/FirebaseAuthUI.strings; sourceTree = "<group>"; };
		B8AE008624328227005F2F4C /* zh */ = {isa = PBXFileReference; lastKnownFileType = text.plist.strings; name = zh; path = zh.lproj/FirebaseAuthUI.strings; sourceTree = "<group>"; };
		B8AE008724328227005F2F4C /* en-IN */ = {isa = PBXFileReference; lastKnownFileType = text.plist.strings; name = "en-IN"; path = "en-IN.lproj/FirebaseAuthUI.strings"; sourceTree = "<group>"; };
		B8AE00892432ACAA005F2F4C /* AuthenticationViewModel.swift */ = {isa = PBXFileReference; lastKnownFileType = sourcecode.swift; path = AuthenticationViewModel.swift; sourceTree = "<group>"; };
		B8AE008B2432B269005F2F4C /* AuthenticationController.swift */ = {isa = PBXFileReference; lastKnownFileType = sourcecode.swift; path = AuthenticationController.swift; sourceTree = "<group>"; };
		B8AE008D2432CFB2005F2F4C /* IKAlertVC.swift */ = {isa = PBXFileReference; lastKnownFileType = sourcecode.swift; path = IKAlertVC.swift; sourceTree = "<group>"; };
		B8AE008F2432D05B005F2F4C /* IKBodyLabel.swift */ = {isa = PBXFileReference; lastKnownFileType = sourcecode.swift; path = IKBodyLabel.swift; sourceTree = "<group>"; };
		B8AE00912432D0C7005F2F4C /* IKButton.swift */ = {isa = PBXFileReference; lastKnownFileType = sourcecode.swift; path = IKButton.swift; sourceTree = "<group>"; };
		B8AE00932432F44D005F2F4C /* UIViewControllerExtension.swift */ = {isa = PBXFileReference; lastKnownFileType = sourcecode.swift; path = UIViewControllerExtension.swift; sourceTree = "<group>"; };
		B8AE009524344E11005F2F4C /* DrawingViewModel.swift */ = {isa = PBXFileReference; lastKnownFileType = sourcecode.swift; path = DrawingViewModel.swift; sourceTree = "<group>"; };
		B8BF80E0241FEF370003A9E6 /* Sketch.swift */ = {isa = PBXFileReference; lastKnownFileType = sourcecode.swift; path = Sketch.swift; sourceTree = "<group>"; };
		B8C179E2242C1E30004F0875 /* CardViewModel.swift */ = {isa = PBXFileReference; lastKnownFileType = sourcecode.swift; path = CardViewModel.swift; sourceTree = "<group>"; };
		B8C179E4242C1E70004F0875 /* CardView.swift */ = {isa = PBXFileReference; lastKnownFileType = sourcecode.swift; path = CardView.swift; sourceTree = "<group>"; };
		B8C179E6242C21B4004F0875 /* UsersController.swift */ = {isa = PBXFileReference; lastKnownFileType = sourcecode.swift; path = UsersController.swift; sourceTree = "<group>"; };
		B8C86B0F241FF3F0002E3985 /* FeedViewController.swift */ = {isa = PBXFileReference; lastKnownFileType = sourcecode.swift; path = FeedViewController.swift; sourceTree = "<group>"; };
		B8DEA7502427E495008FC0D2 /* UserCell.swift */ = {isa = PBXFileReference; lastKnownFileType = sourcecode.swift; path = UserCell.swift; sourceTree = "<group>"; };
		B8DEA7522427E546008FC0D2 /* IKImageView.swift */ = {isa = PBXFileReference; lastKnownFileType = sourcecode.swift; path = IKImageView.swift; sourceTree = "<group>"; };
		B8DEA7542427E5E5008FC0D2 /* IKTitleLabel.swift */ = {isa = PBXFileReference; lastKnownFileType = sourcecode.swift; path = IKTitleLabel.swift; sourceTree = "<group>"; };
		B8DEA7562427FFDA008FC0D2 /* IKTextField.swift */ = {isa = PBXFileReference; lastKnownFileType = sourcecode.swift; path = IKTextField.swift; sourceTree = "<group>"; };
		B8DEA758242801BC008FC0D2 /* RegistrationViewModel.swift */ = {isa = PBXFileReference; lastKnownFileType = sourcecode.swift; path = RegistrationViewModel.swift; sourceTree = "<group>"; };
		B8DEA75A242801EA008FC0D2 /* Bindable.swift */ = {isa = PBXFileReference; lastKnownFileType = sourcecode.swift; path = Bindable.swift; sourceTree = "<group>"; };
		B8DEA75E2429A8B2008FC0D2 /* DrawingVC.swift */ = {isa = PBXFileReference; lastKnownFileType = sourcecode.swift; path = DrawingVC.swift; sourceTree = "<group>"; };
		B8DEA762242A7E2B008FC0D2 /* IKTabBarController.swift */ = {isa = PBXFileReference; lastKnownFileType = sourcecode.swift; path = IKTabBarController.swift; sourceTree = "<group>"; };
		B8EC99A9241ED1B100C28356 /* InstaKids.app */ = {isa = PBXFileReference; explicitFileType = wrapper.application; includeInIndex = 0; path = InstaKids.app; sourceTree = BUILT_PRODUCTS_DIR; };
		B8EC99AC241ED1B100C28356 /* AppDelegate.swift */ = {isa = PBXFileReference; lastKnownFileType = sourcecode.swift; path = AppDelegate.swift; sourceTree = "<group>"; };
		B8EC99AE241ED1B100C28356 /* SceneDelegate.swift */ = {isa = PBXFileReference; lastKnownFileType = sourcecode.swift; path = SceneDelegate.swift; sourceTree = "<group>"; };
		B8EC99B3241ED1B100C28356 /* Base */ = {isa = PBXFileReference; lastKnownFileType = file.storyboard; name = Base; path = Base.lproj/Main.storyboard; sourceTree = "<group>"; };
		B8EC99B5241ED1B700C28356 /* Assets.xcassets */ = {isa = PBXFileReference; lastKnownFileType = folder.assetcatalog; path = Assets.xcassets; sourceTree = "<group>"; };
		B8EC99B8241ED1B700C28356 /* Base */ = {isa = PBXFileReference; lastKnownFileType = file.storyboard; name = Base; path = Base.lproj/LaunchScreen.storyboard; sourceTree = "<group>"; };
		B8EC99BA241ED1B700C28356 /* Info.plist */ = {isa = PBXFileReference; lastKnownFileType = text.plist.xml; path = Info.plist; sourceTree = "<group>"; };
		B8FC17862427D5FB005B1E1E /* UsersListViewController.swift */ = {isa = PBXFileReference; lastKnownFileType = sourcecode.swift; path = UsersListViewController.swift; sourceTree = "<group>"; };
		B8FC17882427E041005B1E1E /* UIHelper.swift */ = {isa = PBXFileReference; lastKnownFileType = sourcecode.swift; path = UIHelper.swift; sourceTree = "<group>"; };
		D74FBA3E8B79646C6010B3FC /* Pods-InstaKids.debug.xcconfig */ = {isa = PBXFileReference; includeInIndex = 1; lastKnownFileType = text.xcconfig; name = "Pods-InstaKids.debug.xcconfig"; path = "Target Support Files/Pods-InstaKids/Pods-InstaKids.debug.xcconfig"; sourceTree = "<group>"; };
/* End PBXFileReference section */

/* Begin PBXFrameworksBuildPhase section */
		B8EC99A6241ED1B100C28356 /* Frameworks */ = {
			isa = PBXFrameworksBuildPhase;
			buildActionMask = 2147483647;
			files = (
				042CC128F218B3A192397918 /* Pods_InstaKids.framework in Frameworks */,
			);
			runOnlyForDeploymentPostprocessing = 0;
		};
/* End PBXFrameworksBuildPhase section */

/* Begin PBXGroup section */
		A650B84D242137A200F55712 /* Extensions */ = {
			isa = PBXGroup;
			children = (
				A650B84B2421378F00F55712 /* UIImageExtension.swift */,
				A68FD0E42421A6DB00C1DD35 /* UIColorExtension.swift */,
				B8AE003024317CE8005F2F4C /* UINavigationControllerExtension.swift */,
				B8AE00932432F44D005F2F4C /* UIViewControllerExtension.swift */,
			);
			path = Extensions;
			sourceTree = "<group>";
		};
		AD657D3C07EAB369C5053AC8 /* Pods */ = {
			isa = PBXGroup;
			children = (
				D74FBA3E8B79646C6010B3FC /* Pods-InstaKids.debug.xcconfig */,
				1E7E26931ECBDCF7FB01F4BC /* Pods-InstaKids.release.xcconfig */,
			);
			path = Pods;
			sourceTree = "<group>";
		};
		B8365FE8242298240017F5A7 /* Services */ = {
			isa = PBXGroup;
			children = (
				B8365FEB2422A8F00017F5A7 /* UserService.swift */,
				B8365FF22422ABDE0017F5A7 /* LocalStorageService.swift */,
				B850C3E924230420002D87E0 /* SketchService.swift */,
			);
			path = Services;
			sourceTree = "<group>";
		};
		B8365FEF2422A9B70017F5A7 /* Helpers */ = {
			isa = PBXGroup;
			children = (
				B8365FF02422A9C70017F5A7 /* Constants.swift */,
				B8FC17882427E041005B1E1E /* UIHelper.swift */,
				B8DEA75A242801EA008FC0D2 /* Bindable.swift */,
			);
			path = Helpers;
			sourceTree = "<group>";
		};
		B8AE003224328227005F2F4C /* Strings */ = {
			isa = PBXGroup;
			children = (
				B8AE003324328227005F2F4C /* FirebaseAuthUI.strings */,
			);
			path = Strings;
			sourceTree = "<group>";
		};
		B8C179E1242C1DCF004F0875 /* ViewModels */ = {
			isa = PBXGroup;
			children = (
				B8DEA758242801BC008FC0D2 /* RegistrationViewModel.swift */,
				B8C179E2242C1E30004F0875 /* CardViewModel.swift */,
				B8AE00892432ACAA005F2F4C /* AuthenticationViewModel.swift */,
				B8AE009524344E11005F2F4C /* DrawingViewModel.swift */,
			);
			path = ViewModels;
			sourceTree = "<group>";
		};
		B8EC99A0241ED1B100C28356 = {
			isa = PBXGroup;
			children = (
				B8EC99AB241ED1B100C28356 /* InstaKids */,
				B8EC99AA241ED1B100C28356 /* Products */,
				AD657D3C07EAB369C5053AC8 /* Pods */,
				D21E246921E563BE91E53346 /* Frameworks */,
			);
			sourceTree = "<group>";
		};
		B8EC99AA241ED1B100C28356 /* Products */ = {
			isa = PBXGroup;
			children = (
				B8EC99A9241ED1B100C28356 /* InstaKids.app */,
			);
			name = Products;
			sourceTree = "<group>";
		};
		B8EC99AB241ED1B100C28356 /* InstaKids */ = {
			isa = PBXGroup;
			children = (
				B8EC99AC241ED1B100C28356 /* AppDelegate.swift */,
				B8EC99AE241ED1B100C28356 /* SceneDelegate.swift */,
				B8AE003224328227005F2F4C /* Strings */,
				B8365FEF2422A9B70017F5A7 /* Helpers */,
				B8365FE8242298240017F5A7 /* Services */,
				A650B84D242137A200F55712 /* Extensions */,
				B8C179E1242C1DCF004F0875 /* ViewModels */,
				B8EC99C4241EEC1B00C28356 /* Model */,
				B8EC99C3241EDB0400C28356 /* Controller */,
				B8EC99C2241EDABA00C28356 /* Views */,
				B8EC99B2241ED1B100C28356 /* Main.storyboard */,
				B8EC99B5241ED1B700C28356 /* Assets.xcassets */,
				B8EC99B7241ED1B700C28356 /* LaunchScreen.storyboard */,
				B8EC99BA241ED1B700C28356 /* Info.plist */,
				B8365FE6242296830017F5A7 /* GoogleService-Info.plist */,
			);
			path = InstaKids;
			sourceTree = "<group>";
		};
		B8EC99C2241EDABA00C28356 /* Views */ = {
			isa = PBXGroup;
			children = (
				B85C65782421BCA500EACDD7 /* SketchCell.swift */,
				B8DEA7502427E495008FC0D2 /* UserCell.swift */,
				B8DEA7522427E546008FC0D2 /* IKImageView.swift */,
				B8DEA7542427E5E5008FC0D2 /* IKTitleLabel.swift */,
				B8DEA7562427FFDA008FC0D2 /* IKTextField.swift */,
				B8C179E4242C1E70004F0875 /* CardView.swift */,
				B8AE008F2432D05B005F2F4C /* IKBodyLabel.swift */,
				B8AE00912432D0C7005F2F4C /* IKButton.swift */,
			);
			path = Views;
			sourceTree = "<group>";
		};
		B8EC99C3241EDB0400C28356 /* Controller */ = {
			isa = PBXGroup;
			children = (
				B8DEA762242A7E2B008FC0D2 /* IKTabBarController.swift */,
				B8C86B0F241FF3F0002E3985 /* FeedViewController.swift */,
				B8365FE92422A7930017F5A7 /* LoginViewController.swift */,
				B850C3E72422D6D4002D87E0 /* CreateProfileViewController.swift */,
				B8FC17862427D5FB005B1E1E /* UsersListViewController.swift */,
				B8DEA75E2429A8B2008FC0D2 /* DrawingVC.swift */,
				B8C179E6242C21B4004F0875 /* UsersController.swift */,
				B8AE008B2432B269005F2F4C /* AuthenticationController.swift */,
				B8AE008D2432CFB2005F2F4C /* IKAlertVC.swift */,
			);
			path = Controller;
			sourceTree = "<group>";
		};
		B8EC99C4241EEC1B00C28356 /* Model */ = {
			isa = PBXGroup;
			children = (
				B8BF80E0241FEF370003A9E6 /* Sketch.swift */,
				A650B849242134D800F55712 /* PersistanceManager.swift */,
				B8365FED2422A9340017F5A7 /* SketchUser.swift */,
			);
			path = Model;
			sourceTree = "<group>";
		};
		D21E246921E563BE91E53346 /* Frameworks */ = {
			isa = PBXGroup;
			children = (
				69EAA59A470417B1EB8DE3E5 /* Pods_InstaKids.framework */,
			);
			name = Frameworks;
			sourceTree = "<group>";
		};
/* End PBXGroup section */

/* Begin PBXNativeTarget section */
		B8EC99A8241ED1B100C28356 /* InstaKids */ = {
			isa = PBXNativeTarget;
			buildConfigurationList = B8EC99BD241ED1B700C28356 /* Build configuration list for PBXNativeTarget "InstaKids" */;
			buildPhases = (
				B6F686E26497865F980D0207 /* [CP] Check Pods Manifest.lock */,
				B8EC99A5241ED1B100C28356 /* Sources */,
				B8EC99A6241ED1B100C28356 /* Frameworks */,
				B8EC99A7241ED1B100C28356 /* Resources */,
				60D05FA9412D4E43D874BBEA /* [CP] Embed Pods Frameworks */,
				15B3A336BF09FECA0B048F96 /* [CP] Copy Pods Resources */,
			);
			buildRules = (
			);
			dependencies = (
			);
			name = InstaKids;
			productName = InstaKids;
			productReference = B8EC99A9241ED1B100C28356 /* InstaKids.app */;
			productType = "com.apple.product-type.application";
		};
/* End PBXNativeTarget section */

/* Begin PBXProject section */
		B8EC99A1241ED1B100C28356 /* Project object */ = {
			isa = PBXProject;
			attributes = {
				LastSwiftUpdateCheck = 1130;
				LastUpgradeCheck = 1130;
				ORGANIZATIONNAME = "David Ruvinskiy";
				TargetAttributes = {
					B8EC99A8241ED1B100C28356 = {
						CreatedOnToolsVersion = 11.3;
					};
				};
			};
			buildConfigurationList = B8EC99A4241ED1B100C28356 /* Build configuration list for PBXProject "InstaKids" */;
			compatibilityVersion = "Xcode 9.3";
			developmentRegion = en;
			hasScannedForEncodings = 0;
			knownRegions = (
				en,
				Base,
				de,
				ur,
				he,
				"es-SV",
				"zh-Hant-TW",
				ar,
				el,
				"zh-Hans",
				ja,
				fa,
				mr,
				"es-GT",
				"en-CA",
				uk,
				"es-PY",
				gu,
				kn,
				nb,
				"es-US",
				"en-GB",
				es,
				"es-VE",
				"es-CL",
				sl,
				da,
				"es-419",
				it,
				bg,
				sk,
				"sr-Latn",
				"nn-NO",
				"es-PA",
				"en-SG",
				sr,
				ms,
				"es-CR",
				ta,
				sv,
				cs,
				"es-AR",
				"es-PE",
				ko,
				"en-IE",
				fil,
				"zh-Hant",
				"es-CO",
				gsw,
				"en-ZA",
				hu,
				"es-PR",
				"de-AT",
				"en-AU",
				tr,
				pl,
				"pt-BR",
				vi,
				lv,
				"es-MX",
				lt,
				ru,
				"es-DO",
				"fr-CH",
				"es-NI",
				fr,
				fi,
				id,
				nl,
				th,
				pt,
				"de-CH",
				bn,
				"es-EC",
				"pt-PT",
				"es-BO",
				ro,
				ln,
				"es-UY",
				"es-HN",
				hr,
				hi,
				ca,
				zh,
				"en-IN",
			);
			mainGroup = B8EC99A0241ED1B100C28356;
			productRefGroup = B8EC99AA241ED1B100C28356 /* Products */;
			projectDirPath = "";
			projectRoot = "";
			targets = (
				B8EC99A8241ED1B100C28356 /* InstaKids */,
			);
		};
/* End PBXProject section */

/* Begin PBXResourcesBuildPhase section */
		B8EC99A7241ED1B100C28356 /* Resources */ = {
			isa = PBXResourcesBuildPhase;
			buildActionMask = 2147483647;
			files = (
				B8AE008824328228005F2F4C /* FirebaseAuthUI.strings in Resources */,
				B8EC99B9241ED1B700C28356 /* LaunchScreen.storyboard in Resources */,
				B8365FE7242296830017F5A7 /* GoogleService-Info.plist in Resources */,
				B8EC99B6241ED1B700C28356 /* Assets.xcassets in Resources */,
				B8EC99B4241ED1B100C28356 /* Main.storyboard in Resources */,
			);
			runOnlyForDeploymentPostprocessing = 0;
		};
/* End PBXResourcesBuildPhase section */

/* Begin PBXShellScriptBuildPhase section */
		15B3A336BF09FECA0B048F96 /* [CP] Copy Pods Resources */ = {
			isa = PBXShellScriptBuildPhase;
			buildActionMask = 2147483647;
			files = (
			);
			inputFileListPaths = (
				"${PODS_ROOT}/Target Support Files/Pods-InstaKids/Pods-InstaKids-resources-${CONFIGURATION}-input-files.xcfilelist",
			);
			name = "[CP] Copy Pods Resources";
			outputFileListPaths = (
				"${PODS_ROOT}/Target Support Files/Pods-InstaKids/Pods-InstaKids-resources-${CONFIGURATION}-output-files.xcfilelist",
			);
			runOnlyForDeploymentPostprocessing = 0;
			shellPath = /bin/sh;
			shellScript = "\"${PODS_ROOT}/Target Support Files/Pods-InstaKids/Pods-InstaKids-resources.sh\"\n";
			showEnvVarsInLog = 0;
		};
		60D05FA9412D4E43D874BBEA /* [CP] Embed Pods Frameworks */ = {
			isa = PBXShellScriptBuildPhase;
			buildActionMask = 2147483647;
			files = (
			);
			inputFileListPaths = (
				"${PODS_ROOT}/Target Support Files/Pods-InstaKids/Pods-InstaKids-frameworks-${CONFIGURATION}-input-files.xcfilelist",
			);
			name = "[CP] Embed Pods Frameworks";
			outputFileListPaths = (
				"${PODS_ROOT}/Target Support Files/Pods-InstaKids/Pods-InstaKids-frameworks-${CONFIGURATION}-output-files.xcfilelist",
			);
			runOnlyForDeploymentPostprocessing = 0;
			shellPath = /bin/sh;
			shellScript = "\"${PODS_ROOT}/Target Support Files/Pods-InstaKids/Pods-InstaKids-frameworks.sh\"\n";
			showEnvVarsInLog = 0;
		};
		B6F686E26497865F980D0207 /* [CP] Check Pods Manifest.lock */ = {
			isa = PBXShellScriptBuildPhase;
			buildActionMask = 2147483647;
			files = (
			);
			inputFileListPaths = (
			);
			inputPaths = (
				"${PODS_PODFILE_DIR_PATH}/Podfile.lock",
				"${PODS_ROOT}/Manifest.lock",
			);
			name = "[CP] Check Pods Manifest.lock";
			outputFileListPaths = (
			);
			outputPaths = (
				"$(DERIVED_FILE_DIR)/Pods-InstaKids-checkManifestLockResult.txt",
			);
			runOnlyForDeploymentPostprocessing = 0;
			shellPath = /bin/sh;
			shellScript = "diff \"${PODS_PODFILE_DIR_PATH}/Podfile.lock\" \"${PODS_ROOT}/Manifest.lock\" > /dev/null\nif [ $? != 0 ] ; then\n    # print error to STDERR\n    echo \"error: The sandbox is not in sync with the Podfile.lock. Run 'pod install' or update your CocoaPods installation.\" >&2\n    exit 1\nfi\n# This output is used by Xcode 'outputs' to avoid re-running this script phase.\necho \"SUCCESS\" > \"${SCRIPT_OUTPUT_FILE_0}\"\n";
			showEnvVarsInLog = 0;
		};
/* End PBXShellScriptBuildPhase section */

/* Begin PBXSourcesBuildPhase section */
		B8EC99A5241ED1B100C28356 /* Sources */ = {
			isa = PBXSourcesBuildPhase;
			buildActionMask = 2147483647;
			files = (
				B8DEA75F2429A8B3008FC0D2 /* DrawingVC.swift in Sources */,
				B8C179E5242C1E70004F0875 /* CardView.swift in Sources */,
				B8C179E7242C21B4004F0875 /* UsersController.swift in Sources */,
				B8365FEE2422A9340017F5A7 /* SketchUser.swift in Sources */,
				B850C3EA24230420002D87E0 /* SketchService.swift in Sources */,
				B8AE009624344E11005F2F4C /* DrawingViewModel.swift in Sources */,
				B8AE003124317CE8005F2F4C /* UINavigationControllerExtension.swift in Sources */,
				B8DEA75B242801EA008FC0D2 /* Bindable.swift in Sources */,
				B8BF80E1241FEF370003A9E6 /* Sketch.swift in Sources */,
				B8EC99AD241ED1B100C28356 /* AppDelegate.swift in Sources */,
				B8AE008A2432ACAA005F2F4C /* AuthenticationViewModel.swift in Sources */,
				B8FC17892427E041005B1E1E /* UIHelper.swift in Sources */,
				B8DEA7512427E495008FC0D2 /* UserCell.swift in Sources */,
				B8AE00942432F44D005F2F4C /* UIViewControllerExtension.swift in Sources */,
				B8C179E3242C1E30004F0875 /* CardViewModel.swift in Sources */,
				B8FC17872427D5FB005B1E1E /* UsersListViewController.swift in Sources */,
				B8EC99AF241ED1B100C28356 /* SceneDelegate.swift in Sources */,
				B8AE008E2432CFB2005F2F4C /* IKAlertVC.swift in Sources */,
				A68FD0E52421A6DB00C1DD35 /* UIColorExtension.swift in Sources */,
				B8DEA7552427E5E5008FC0D2 /* IKTitleLabel.swift in Sources */,
				B8C86B10241FF3F0002E3985 /* FeedViewController.swift in Sources */,
				B8365FF12422A9C70017F5A7 /* Constants.swift in Sources */,
				B8DEA759242801BC008FC0D2 /* RegistrationViewModel.swift in Sources */,
				B8AE008C2432B269005F2F4C /* AuthenticationController.swift in Sources */,
				B8365FEC2422A8F00017F5A7 /* UserService.swift in Sources */,
				B85C65792421BCA500EACDD7 /* SketchCell.swift in Sources */,
				A650B84A242134D800F55712 /* PersistanceManager.swift in Sources */,
				B8365FF32422ABDE0017F5A7 /* LocalStorageService.swift in Sources */,
				B8DEA763242A7E2B008FC0D2 /* IKTabBarController.swift in Sources */,
				B8AE00902432D05B005F2F4C /* IKBodyLabel.swift in Sources */,
				B8DEA7572427FFDA008FC0D2 /* IKTextField.swift in Sources */,
				B8365FEA2422A7930017F5A7 /* LoginViewController.swift in Sources */,
				B850C3E82422D6D4002D87E0 /* CreateProfileViewController.swift in Sources */,
				B8DEA7532427E546008FC0D2 /* IKImageView.swift in Sources */,
				A650B84C2421378F00F55712 /* UIImageExtension.swift in Sources */,
				B8AE00922432D0C7005F2F4C /* IKButton.swift in Sources */,
			);
			runOnlyForDeploymentPostprocessing = 0;
		};
/* End PBXSourcesBuildPhase section */

/* Begin PBXVariantGroup section */
		B8AE003324328227005F2F4C /* FirebaseAuthUI.strings */ = {
			isa = PBXVariantGroup;
			children = (
				B8AE003424328227005F2F4C /* de */,
				B8AE003524328227005F2F4C /* ur */,
				B8AE003624328227005F2F4C /* he */,
				B8AE003724328227005F2F4C /* es-SV */,
				B8AE003824328227005F2F4C /* zh-Hant-TW */,
				B8AE003924328227005F2F4C /* ar */,
				B8AE003A24328227005F2F4C /* el */,
				B8AE003B24328227005F2F4C /* zh-Hans */,
				B8AE003C24328227005F2F4C /* ja */,
				B8AE003D24328227005F2F4C /* fa */,
				B8AE003E24328227005F2F4C /* mr */,
				B8AE003F24328227005F2F4C /* es-GT */,
				B8AE004024328227005F2F4C /* en */,
				B8AE004124328227005F2F4C /* en-CA */,
				B8AE004224328227005F2F4C /* uk */,
				B8AE004324328227005F2F4C /* es-PY */,
				B8AE004424328227005F2F4C /* gu */,
				B8AE004524328227005F2F4C /* kn */,
				B8AE004624328227005F2F4C /* nb */,
				B8AE004724328227005F2F4C /* es-US */,
				B8AE004824328227005F2F4C /* en-GB */,
				B8AE004924328227005F2F4C /* es */,
				B8AE004A24328227005F2F4C /* es-VE */,
				B8AE004B24328227005F2F4C /* es-CL */,
				B8AE004C24328227005F2F4C /* sl */,
				B8AE004D24328227005F2F4C /* da */,
				B8AE004E24328227005F2F4C /* es-419 */,
				B8AE004F24328227005F2F4C /* it */,
				B8AE005024328227005F2F4C /* bg */,
				B8AE005124328227005F2F4C /* sk */,
				B8AE005224328227005F2F4C /* sr-Latn */,
				B8AE005324328227005F2F4C /* nn-NO */,
				B8AE005424328227005F2F4C /* es-PA */,
				B8AE005524328227005F2F4C /* en-SG */,
				B8AE005624328227005F2F4C /* sr */,
				B8AE005724328227005F2F4C /* ms */,
				B8AE005824328227005F2F4C /* es-CR */,
				B8AE005924328227005F2F4C /* ta */,
				B8AE005A24328227005F2F4C /* sv */,
				B8AE005B24328227005F2F4C /* cs */,
				B8AE005C24328227005F2F4C /* es-AR */,
				B8AE005D24328227005F2F4C /* es-PE */,
				B8AE005E24328227005F2F4C /* ko */,
				B8AE005F24328227005F2F4C /* en-IE */,
				B8AE006024328227005F2F4C /* fil */,
				B8AE006124328227005F2F4C /* zh-Hant */,
				B8AE006224328227005F2F4C /* es-CO */,
				B8AE006324328227005F2F4C /* gsw */,
				B8AE006424328227005F2F4C /* en-ZA */,
				B8AE006524328227005F2F4C /* hu */,
				B8AE006624328227005F2F4C /* es-PR */,
				B8AE006724328227005F2F4C /* de-AT */,
				B8AE006824328227005F2F4C /* en-AU */,
				B8AE006924328227005F2F4C /* tr */,
				B8AE006A24328227005F2F4C /* pl */,
				B8AE006B24328227005F2F4C /* pt-BR */,
				B8AE006C24328227005F2F4C /* vi */,
				B8AE006D24328227005F2F4C /* lv */,
				B8AE006E24328227005F2F4C /* es-MX */,
				B8AE006F24328227005F2F4C /* lt */,
				B8AE007024328227005F2F4C /* ru */,
				B8AE007124328227005F2F4C /* es-DO */,
				B8AE007224328227005F2F4C /* fr-CH */,
				B8AE007324328227005F2F4C /* es-NI */,
				B8AE007424328227005F2F4C /* fr */,
				B8AE007524328227005F2F4C /* fi */,
				B8AE007624328227005F2F4C /* id */,
				B8AE007724328227005F2F4C /* nl */,
				B8AE007824328227005F2F4C /* th */,
				B8AE007924328227005F2F4C /* pt */,
				B8AE007A24328227005F2F4C /* de-CH */,
				B8AE007B24328227005F2F4C /* bn */,
				B8AE007C24328227005F2F4C /* es-EC */,
				B8AE007D24328227005F2F4C /* pt-PT */,
				B8AE007E24328227005F2F4C /* es-BO */,
				B8AE007F24328227005F2F4C /* ro */,
				B8AE008024328227005F2F4C /* ln */,
				B8AE008124328227005F2F4C /* es-UY */,
				B8AE008224328227005F2F4C /* es-HN */,
				B8AE008324328227005F2F4C /* hr */,
				B8AE008424328227005F2F4C /* hi */,
				B8AE008524328227005F2F4C /* ca */,
				B8AE008624328227005F2F4C /* zh */,
				B8AE008724328227005F2F4C /* en-IN */,
			);
			name = FirebaseAuthUI.strings;
			sourceTree = "<group>";
		};
		B8EC99B2241ED1B100C28356 /* Main.storyboard */ = {
			isa = PBXVariantGroup;
			children = (
				B8EC99B3241ED1B100C28356 /* Base */,
			);
			name = Main.storyboard;
			sourceTree = "<group>";
		};
		B8EC99B7241ED1B700C28356 /* LaunchScreen.storyboard */ = {
			isa = PBXVariantGroup;
			children = (
				B8EC99B8241ED1B700C28356 /* Base */,
			);
			name = LaunchScreen.storyboard;
			sourceTree = "<group>";
		};
/* End PBXVariantGroup section */

/* Begin XCBuildConfiguration section */
		B8EC99BB241ED1B700C28356 /* Debug */ = {
			isa = XCBuildConfiguration;
			buildSettings = {
				ALWAYS_SEARCH_USER_PATHS = NO;
				CLANG_ANALYZER_NONNULL = YES;
				CLANG_ANALYZER_NUMBER_OBJECT_CONVERSION = YES_AGGRESSIVE;
				CLANG_CXX_LANGUAGE_STANDARD = "gnu++14";
				CLANG_CXX_LIBRARY = "libc++";
				CLANG_ENABLE_MODULES = YES;
				CLANG_ENABLE_OBJC_ARC = YES;
				CLANG_ENABLE_OBJC_WEAK = YES;
				CLANG_WARN_BLOCK_CAPTURE_AUTORELEASING = YES;
				CLANG_WARN_BOOL_CONVERSION = YES;
				CLANG_WARN_COMMA = YES;
				CLANG_WARN_CONSTANT_CONVERSION = YES;
				CLANG_WARN_DEPRECATED_OBJC_IMPLEMENTATIONS = YES;
				CLANG_WARN_DIRECT_OBJC_ISA_USAGE = YES_ERROR;
				CLANG_WARN_DOCUMENTATION_COMMENTS = YES;
				CLANG_WARN_EMPTY_BODY = YES;
				CLANG_WARN_ENUM_CONVERSION = YES;
				CLANG_WARN_INFINITE_RECURSION = YES;
				CLANG_WARN_INT_CONVERSION = YES;
				CLANG_WARN_NON_LITERAL_NULL_CONVERSION = YES;
				CLANG_WARN_OBJC_IMPLICIT_RETAIN_SELF = YES;
				CLANG_WARN_OBJC_LITERAL_CONVERSION = YES;
				CLANG_WARN_OBJC_ROOT_CLASS = YES_ERROR;
				CLANG_WARN_RANGE_LOOP_ANALYSIS = YES;
				CLANG_WARN_STRICT_PROTOTYPES = YES;
				CLANG_WARN_SUSPICIOUS_MOVE = YES;
				CLANG_WARN_UNGUARDED_AVAILABILITY = YES_AGGRESSIVE;
				CLANG_WARN_UNREACHABLE_CODE = YES;
				CLANG_WARN__DUPLICATE_METHOD_MATCH = YES;
				COPY_PHASE_STRIP = NO;
				DEBUG_INFORMATION_FORMAT = dwarf;
				ENABLE_STRICT_OBJC_MSGSEND = YES;
				ENABLE_TESTABILITY = YES;
				GCC_C_LANGUAGE_STANDARD = gnu11;
				GCC_DYNAMIC_NO_PIC = NO;
				GCC_NO_COMMON_BLOCKS = YES;
				GCC_OPTIMIZATION_LEVEL = 0;
				GCC_PREPROCESSOR_DEFINITIONS = (
					"DEBUG=1",
					"$(inherited)",
				);
				GCC_WARN_64_TO_32_BIT_CONVERSION = YES;
				GCC_WARN_ABOUT_RETURN_TYPE = YES_ERROR;
				GCC_WARN_UNDECLARED_SELECTOR = YES;
				GCC_WARN_UNINITIALIZED_AUTOS = YES_AGGRESSIVE;
				GCC_WARN_UNUSED_FUNCTION = YES;
				GCC_WARN_UNUSED_VARIABLE = YES;
				IPHONEOS_DEPLOYMENT_TARGET = 13.2;
				MTL_ENABLE_DEBUG_INFO = INCLUDE_SOURCE;
				MTL_FAST_MATH = YES;
				ONLY_ACTIVE_ARCH = YES;
				SDKROOT = iphoneos;
				SWIFT_ACTIVE_COMPILATION_CONDITIONS = DEBUG;
				SWIFT_OPTIMIZATION_LEVEL = "-Onone";
			};
			name = Debug;
		};
		B8EC99BC241ED1B700C28356 /* Release */ = {
			isa = XCBuildConfiguration;
			buildSettings = {
				ALWAYS_SEARCH_USER_PATHS = NO;
				CLANG_ANALYZER_NONNULL = YES;
				CLANG_ANALYZER_NUMBER_OBJECT_CONVERSION = YES_AGGRESSIVE;
				CLANG_CXX_LANGUAGE_STANDARD = "gnu++14";
				CLANG_CXX_LIBRARY = "libc++";
				CLANG_ENABLE_MODULES = YES;
				CLANG_ENABLE_OBJC_ARC = YES;
				CLANG_ENABLE_OBJC_WEAK = YES;
				CLANG_WARN_BLOCK_CAPTURE_AUTORELEASING = YES;
				CLANG_WARN_BOOL_CONVERSION = YES;
				CLANG_WARN_COMMA = YES;
				CLANG_WARN_CONSTANT_CONVERSION = YES;
				CLANG_WARN_DEPRECATED_OBJC_IMPLEMENTATIONS = YES;
				CLANG_WARN_DIRECT_OBJC_ISA_USAGE = YES_ERROR;
				CLANG_WARN_DOCUMENTATION_COMMENTS = YES;
				CLANG_WARN_EMPTY_BODY = YES;
				CLANG_WARN_ENUM_CONVERSION = YES;
				CLANG_WARN_INFINITE_RECURSION = YES;
				CLANG_WARN_INT_CONVERSION = YES;
				CLANG_WARN_NON_LITERAL_NULL_CONVERSION = YES;
				CLANG_WARN_OBJC_IMPLICIT_RETAIN_SELF = YES;
				CLANG_WARN_OBJC_LITERAL_CONVERSION = YES;
				CLANG_WARN_OBJC_ROOT_CLASS = YES_ERROR;
				CLANG_WARN_RANGE_LOOP_ANALYSIS = YES;
				CLANG_WARN_STRICT_PROTOTYPES = YES;
				CLANG_WARN_SUSPICIOUS_MOVE = YES;
				CLANG_WARN_UNGUARDED_AVAILABILITY = YES_AGGRESSIVE;
				CLANG_WARN_UNREACHABLE_CODE = YES;
				CLANG_WARN__DUPLICATE_METHOD_MATCH = YES;
				COPY_PHASE_STRIP = NO;
				DEBUG_INFORMATION_FORMAT = "dwarf-with-dsym";
				ENABLE_NS_ASSERTIONS = NO;
				ENABLE_STRICT_OBJC_MSGSEND = YES;
				GCC_C_LANGUAGE_STANDARD = gnu11;
				GCC_NO_COMMON_BLOCKS = YES;
				GCC_WARN_64_TO_32_BIT_CONVERSION = YES;
				GCC_WARN_ABOUT_RETURN_TYPE = YES_ERROR;
				GCC_WARN_UNDECLARED_SELECTOR = YES;
				GCC_WARN_UNINITIALIZED_AUTOS = YES_AGGRESSIVE;
				GCC_WARN_UNUSED_FUNCTION = YES;
				GCC_WARN_UNUSED_VARIABLE = YES;
				IPHONEOS_DEPLOYMENT_TARGET = 13.2;
				MTL_ENABLE_DEBUG_INFO = NO;
				MTL_FAST_MATH = YES;
				SDKROOT = iphoneos;
				SWIFT_COMPILATION_MODE = wholemodule;
				SWIFT_OPTIMIZATION_LEVEL = "-O";
				VALIDATE_PRODUCT = YES;
			};
			name = Release;
		};
		B8EC99BE241ED1B700C28356 /* Debug */ = {
			isa = XCBuildConfiguration;
			baseConfigurationReference = D74FBA3E8B79646C6010B3FC /* Pods-InstaKids.debug.xcconfig */;
			buildSettings = {
				ASSETCATALOG_COMPILER_APPICON_NAME = AppIcon;
				CODE_SIGN_STYLE = Automatic;
				DEVELOPMENT_TEAM = SBS8ZBXB9U;
				INFOPLIST_FILE = InstaKids/Info.plist;
				IPHONEOS_DEPLOYMENT_TARGET = 13.0;
				LD_RUNPATH_SEARCH_PATHS = (
					"$(inherited)",
					"@executable_path/Frameworks",
				);
				PRODUCT_BUNDLE_IDENTIFIER = com.davidruvinskiy.InstaKids;
				PRODUCT_NAME = "$(TARGET_NAME)";
				SWIFT_VERSION = 5.0;
				TARGETED_DEVICE_FAMILY = "1,2";
			};
			name = Debug;
		};
		B8EC99BF241ED1B700C28356 /* Release */ = {
			isa = XCBuildConfiguration;
			baseConfigurationReference = 1E7E26931ECBDCF7FB01F4BC /* Pods-InstaKids.release.xcconfig */;
			buildSettings = {
				ASSETCATALOG_COMPILER_APPICON_NAME = AppIcon;
				CODE_SIGN_STYLE = Automatic;
				DEVELOPMENT_TEAM = SBS8ZBXB9U;
				INFOPLIST_FILE = InstaKids/Info.plist;
				IPHONEOS_DEPLOYMENT_TARGET = 13.0;
				LD_RUNPATH_SEARCH_PATHS = (
					"$(inherited)",
					"@executable_path/Frameworks",
				);
				PRODUCT_BUNDLE_IDENTIFIER = com.davidruvinskiy.InstaKids;
				PRODUCT_NAME = "$(TARGET_NAME)";
				SWIFT_VERSION = 5.0;
				TARGETED_DEVICE_FAMILY = "1,2";
			};
			name = Release;
		};
/* End XCBuildConfiguration section */

/* Begin XCConfigurationList section */
		B8EC99A4241ED1B100C28356 /* Build configuration list for PBXProject "InstaKids" */ = {
			isa = XCConfigurationList;
			buildConfigurations = (
				B8EC99BB241ED1B700C28356 /* Debug */,
				B8EC99BC241ED1B700C28356 /* Release */,
			);
			defaultConfigurationIsVisible = 0;
			defaultConfigurationName = Release;
		};
		B8EC99BD241ED1B700C28356 /* Build configuration list for PBXNativeTarget "InstaKids" */ = {
			isa = XCConfigurationList;
			buildConfigurations = (
				B8EC99BE241ED1B700C28356 /* Debug */,
				B8EC99BF241ED1B700C28356 /* Release */,
			);
			defaultConfigurationIsVisible = 0;
			defaultConfigurationName = Release;
		};
/* End XCConfigurationList section */
	};
	rootObject = B8EC99A1241ED1B100C28356 /* Project object */;
}
